{
  "name": "cmi-common",
  "version": "1.0.0",
  "lockfileVersion": 2,
  "requires": true,
  "packages": {
    "": {
      "name": "cmi-common",
      "version": "1.0.0",
      "license": "ISC",
      "dependencies": {
        "clipboard": "^2.0.6",
        "dom-anchor-text-quote": "^4.0.2",
        "dompurify": "^2.0.12",
        "gsap": "^2.1.3",
        "md5": "^2.2.1",
        "mediaelement": "^6.0.3",
        "netlify-identity-widget": "^1.5.6",
        "uuid": "^7.0.3",
        "wrap-range-text": "^1.0.1"
      }
    },
    "node_modules/ancestors": {
      "version": "0.0.3",
      "resolved": "https://registry.npmjs.org/ancestors/-/ancestors-0.0.3.tgz",
      "integrity": "sha512-hWePu8BinW3M5wSo2++ahS6mb3ZZcYWFIxrmOfJI4990DRQnM/OrMNWorjVotrrAkVxldBdF17TCKenwin4XzA=="
    },
    "node_modules/charenc": {
      "version": "0.0.2",
      "resolved": "https://registry.npmjs.org/charenc/-/charenc-0.0.2.tgz",
      "integrity": "sha512-yrLQ/yVUFXkzg7EDQsPieE/53+0RlaWTs+wBrvW36cyilJ2SaDWfl4Yj7MtLTXleV9uEKefbAGUPv2/iWSooRA==",
      "engines": {
        "node": "*"
      }
    },
    "node_modules/clipboard": {
      "version": "2.0.11",
      "resolved": "https://registry.npmjs.org/clipboard/-/clipboard-2.0.11.tgz",
      "integrity": "sha512-C+0bbOqkezLIsmWSvlsXS0Q0bmkugu7jcfMIACB+RDEntIzQIkdr148we28AfSloQLRdZlYL/QYyrq05j/3Faw==",
      "dependencies": {
        "good-listener": "^1.2.2",
        "select": "^1.1.2",
        "tiny-emitter": "^2.0.0"
      }
    },
    "node_modules/crypt": {
      "version": "0.0.2",
      "resolved": "https://registry.npmjs.org/crypt/-/crypt-0.0.2.tgz",
      "integrity": "sha512-mCxBlsHFYh9C+HVpiEacem8FEBnMXgU9gy4zmNC+SXAZNB/1idgp/aulFJ4FgCi7GPEVbfyng092GqL2k2rmow==",
      "engines": {
        "node": "*"
      }
    },
    "node_modules/delegate": {
      "version": "3.2.0",
      "resolved": "https://registry.npmjs.org/delegate/-/delegate-3.2.0.tgz",
      "integrity": "sha512-IofjkYBZaZivn0V8nnsMJGBr4jVLxHDheKSW88PyxS5QC4Vo9ZbZVvhzlSxY87fVq3STR6r+4cGepyHkcWOQSw=="
    },
    "node_modules/diff-match-patch": {
      "version": "1.0.5",
      "resolved": "https://registry.npmjs.org/diff-match-patch/-/diff-match-patch-1.0.5.tgz",
      "integrity": "sha512-IayShXAgj/QMXgB0IWmKx+rOPuGMhqm5w6jvFxmVenXKIzRqTAAsbBPT3kWQeGANj3jGgvcvv4yK6SxqYmikgw=="
    },
    "node_modules/dom-anchor-text-position": {
      "version": "4.0.0",
      "resolved": "https://registry.npmjs.org/dom-anchor-text-position/-/dom-anchor-text-position-4.0.0.tgz",
      "integrity": "sha512-McGwz4XUK2ttClhYTMoeSuu5sCYYKG2UilW9rJg5n39byIpKtFQMviGPmjRuCWE4JWO8IIjCbAXQgGFVMCuUww==",
      "dependencies": {
        "dom-node-iterator": "^3.5.0",
        "dom-seek": "^4.0.1"
      }
    },
    "node_modules/dom-anchor-text-quote": {
      "version": "4.0.2",
      "resolved": "https://registry.npmjs.org/dom-anchor-text-quote/-/dom-anchor-text-quote-4.0.2.tgz",
      "integrity": "sha512-yM1Z/PYgh8hEnfijmTA14Z1XWvlN8P9wD6srBvRaTSktmtI+z5f2zr0r9hqr7ZMpmokW71MeDyOHBRqbXu0VXA==",
      "dependencies": {
        "diff-match-patch": "^1.0.0",
        "dom-anchor-text-position": "^4.0.0"
      }
    },
    "node_modules/dom-node-iterator": {
      "version": "3.5.3",
      "resolved": "https://registry.npmjs.org/dom-node-iterator/-/dom-node-iterator-3.5.3.tgz",
      "integrity": "sha512-B61Q0KVg/86rIT9C3zwq9ud495TI/4B/V0psFMNcNEn9UFVpG1JjY04jP57MUGUb6FRMozPzSSVXJvFyF0PQ+g=="
    },
    "node_modules/dom-seek": {
      "version": "4.0.3",
      "resolved": "https://registry.npmjs.org/dom-seek/-/dom-seek-4.0.3.tgz",
      "integrity": "sha512-Tx9l8RmRkbqfIW0EXPPeKS5+2AJ2+9s2Sam+G+xi9JgPoYEwnSRg+6knLswI66QRD7DaVTI/GRS9qDWAMi/SPg==",
      "dependencies": {
        "ancestors": "0.0.3",
        "index-of": "^0.2.0"
      }
    },
    "node_modules/dom-walk": {
      "version": "0.1.2",
      "resolved": "https://registry.npmjs.org/dom-walk/-/dom-walk-0.1.2.tgz",
      "integrity": "sha512-6QvTW9mrGeIegrFXdtQi9pk7O/nSK6lSdXW2eqUspN5LWD7UTji2Fqw5V2YLjBpHEoU9Xl/eUWNpDeZvoyOv2w=="
    },
    "node_modules/dompurify": {
      "version": "2.4.5",
      "resolved": "https://registry.npmjs.org/dompurify/-/dompurify-2.4.5.tgz",
      "integrity": "sha512-jggCCd+8Iqp4Tsz0nIvpcb22InKEBrGz5dw3EQJMs8HPJDsKbFIO3STYtAvCfDx26Muevn1MHVI0XxjgFfmiSA=="
    },
    "node_modules/global": {
      "version": "4.4.0",
      "resolved": "https://registry.npmjs.org/global/-/global-4.4.0.tgz",
      "integrity": "sha512-wv/LAoHdRE3BeTGz53FAamhGlPLhlssK45usmGFThIi4XqnBmjKQ16u+RNbP7WvigRZDxUsM0J3gcQ5yicaL0w==",
      "dependencies": {
        "min-document": "^2.19.0",
        "process": "^0.11.10"
      }
    },
    "node_modules/good-listener": {
      "version": "1.2.2",
      "resolved": "https://registry.npmjs.org/good-listener/-/good-listener-1.2.2.tgz",
      "integrity": "sha512-goW1b+d9q/HIwbVYZzZ6SsTr4IgE+WA44A0GmPIQstuOrgsFcT7VEJ48nmr9GaRtNu0XTKacFLGnBPAM6Afouw==",
      "dependencies": {
        "delegate": "^3.1.2"
      }
    },
    "node_modules/gsap": {
      "version": "2.1.3",
      "resolved": "https://registry.npmjs.org/gsap/-/gsap-2.1.3.tgz",
      "integrity": "sha512-8RFASCqi2FOCBuv7X4o7M6bLdy+1hbR0azg+MG7zz+EVsI+OmJblYsTk0GEepQd2Jg/ItMPiVTibF7r3EVxjZQ=="
    },
    "node_modules/index-of": {
      "version": "0.2.0",
      "resolved": "https://registry.npmjs.org/index-of/-/index-of-0.2.0.tgz",
      "integrity": "sha512-VkoJmFW85R0il3IJJYCD7wdQ8pQgTtVoCSqu/BI/ZMy51qDJ618nQsiWmQ6tnyKZShEG2nLt7i7o3YJmEPJSyg==",
      "engines": {
        "node": ">=0.10.0"
      }
    },
    "node_modules/is-buffer": {
      "version": "1.1.6",
      "resolved": "https://registry.npmjs.org/is-buffer/-/is-buffer-1.1.6.tgz",
      "integrity": "sha512-NcdALwpXkTm5Zvvbk7owOUSvVvBKDgKP5/ewfXEznmQFfs4ZRmanOeKBTjRVjka3QFoN6XJ+9F3USqfHqTaU5w=="
    },
    "node_modules/md5": {
      "version": "2.3.0",
      "resolved": "https://registry.npmjs.org/md5/-/md5-2.3.0.tgz",
      "integrity": "sha512-T1GITYmFaKuO91vxyoQMFETst+O71VUPEU3ze5GNzDm0OWdP8v1ziTaAEPUr/3kLsY3Sftgz242A1SetQiDL7g==",
      "dependencies": {
        "charenc": "0.0.2",
        "crypt": "0.0.2",
        "is-buffer": "~1.1.6"
      }
    },
    "node_modules/mediaelement": {
      "version": "6.0.3",
      "resolved": "https://registry.npmjs.org/mediaelement/-/mediaelement-6.0.3.tgz",
      "integrity": "sha512-i75756PyXG7n2SMm8JvGShNp54abphE5JRU4a7ZFzD4pmc30UqqGiOaTyn4H0WNB164PEeb4bodpJrbb3tonHQ==",
      "dependencies": {
        "global": "^4.3.1",
        "svg4everybody": "^2.1.9"
      }
    },
    "node_modules/min-document": {
      "version": "2.19.0",
      "resolved": "https://registry.npmjs.org/min-document/-/min-document-2.19.0.tgz",
      "integrity": "sha512-9Wy1B3m3f66bPPmU5hdA4DR4PB2OfDU/+GS3yAB7IQozE3tqXaVv2zOjgla7MEGSRv95+ILmOuvhLkOK6wJtCQ==",
      "dependencies": {
        "dom-walk": "^0.1.0"
      }
    },
    "node_modules/netlify-identity-widget": {
      "version": "1.9.2",
      "resolved": "https://registry.npmjs.org/netlify-identity-widget/-/netlify-identity-widget-1.9.2.tgz",
      "integrity": "sha512-IbS1JHhs7BflCCvp3C9f6tmNSZqbyBhZ4Gs5+Qxt4IlPybTOVv0PqJ4TAsA7uxh1R+oXOAmk0OOMAkEaPYeCtA=="
    },
    "node_modules/process": {
      "version": "0.11.10",
      "resolved": "https://registry.npmjs.org/process/-/process-0.11.10.tgz",
      "integrity": "sha512-cdGef/drWFoydD1JsMzuFf8100nZl+GT+yacc2bEced5f9Rjk4z+WtFUTBu9PhOi9j/jfmBPu0mMEY4wIdAF8A==",
      "engines": {
        "node": ">= 0.6.0"
      }
    },
    "node_modules/select": {
      "version": "1.1.2",
      "resolved": "https://registry.npmjs.org/select/-/select-1.1.2.tgz",
      "integrity": "sha512-OwpTSOfy6xSs1+pwcNrv0RBMOzI39Lp3qQKUTPVVPRjCdNa5JH/oPRiqsesIskK8TVgmRiHwO4KXlV2Li9dANA=="
    },
    "node_modules/svg4everybody": {
      "version": "2.1.9",
      "resolved": "https://registry.npmjs.org/svg4everybody/-/svg4everybody-2.1.9.tgz",
      "integrity": "sha512-AS9WORVV/vk520ZHxGTlQzyDBizp/h6WyAYUbKhze/kwvQr43DwJpkIIPBomsUyKqN7N+h1deF92N9PmW+o+9A==",
      "engines": {
        "node": ">=0.8.0"
      }
    },
    "node_modules/tiny-emitter": {
      "version": "2.1.0",
      "resolved": "https://registry.npmjs.org/tiny-emitter/-/tiny-emitter-2.1.0.tgz",
      "integrity": "sha512-NB6Dk1A9xgQPMoGqC5CVXn123gWyte215ONT5Pp5a0yt4nlEoO1ZWeCwpncaekPHXO60i47ihFnZPiRPjRMq4Q=="
    },
    "node_modules/uuid": {
      "version": "7.0.3",
      "resolved": "https://registry.npmjs.org/uuid/-/uuid-7.0.3.tgz",
      "integrity": "sha512-DPSke0pXhTZgoF/d+WSt2QaKMCFSfx7QegxEWT+JOuHF5aWrKEn0G+ztjuJg/gG8/ItK+rbPCD/yNv8yyih6Cg==",
      "bin": {
        "uuid": "dist/bin/uuid"
      }
    },
    "node_modules/wrap-range-text": {
      "version": "1.0.1",
      "resolved": "https://registry.npmjs.org/wrap-range-text/-/wrap-range-text-1.0.1.tgz",
      "integrity": "sha512-ZJE1k4cjTMZ8bDfcruPlOa7gRguz4tdI7+ylMibktRXJkDRfLzgsjN1Nn3ohOEUEZoDlX4LqsbH3dRwp2TRh1Q=="
    }
  },
  "dependencies": {
    "ancestors": {
      "version": "0.0.3",
      "resolved": "https://registry.npmjs.org/ancestors/-/ancestors-0.0.3.tgz",
      "integrity": "sha512-hWePu8BinW3M5wSo2++ahS6mb3ZZcYWFIxrmOfJI4990DRQnM/OrMNWorjVotrrAkVxldBdF17TCKenwin4XzA=="
    },
    "charenc": {
      "version": "0.0.2",
      "resolved": "https://registry.npmjs.org/charenc/-/charenc-0.0.2.tgz",
      "integrity": "sha512-yrLQ/yVUFXkzg7EDQsPieE/53+0RlaWTs+wBrvW36cyilJ2SaDWfl4Yj7MtLTXleV9uEKefbAGUPv2/iWSooRA=="
    },
    "clipboard": {
      "version": "2.0.11",
      "resolved": "https://registry.npmjs.org/clipboard/-/clipboard-2.0.11.tgz",
      "integrity": "sha512-C+0bbOqkezLIsmWSvlsXS0Q0bmkugu7jcfMIACB+RDEntIzQIkdr148we28AfSloQLRdZlYL/QYyrq05j/3Faw==",
      "requires": {
        "good-listener": "^1.2.2",
        "select": "^1.1.2",
        "tiny-emitter": "^2.0.0"
      }
    },
    "crypt": {
      "version": "0.0.2",
      "resolved": "https://registry.npmjs.org/crypt/-/crypt-0.0.2.tgz",
      "integrity": "sha512-mCxBlsHFYh9C+HVpiEacem8FEBnMXgU9gy4zmNC+SXAZNB/1idgp/aulFJ4FgCi7GPEVbfyng092GqL2k2rmow=="
    },
    "delegate": {
      "version": "3.2.0",
      "resolved": "https://registry.npmjs.org/delegate/-/delegate-3.2.0.tgz",
      "integrity": "sha512-IofjkYBZaZivn0V8nnsMJGBr4jVLxHDheKSW88PyxS5QC4Vo9ZbZVvhzlSxY87fVq3STR6r+4cGepyHkcWOQSw=="
    },
    "diff-match-patch": {
      "version": "1.0.5",
      "resolved": "https://registry.npmjs.org/diff-match-patch/-/diff-match-patch-1.0.5.tgz",
      "integrity": "sha512-IayShXAgj/QMXgB0IWmKx+rOPuGMhqm5w6jvFxmVenXKIzRqTAAsbBPT3kWQeGANj3jGgvcvv4yK6SxqYmikgw=="
    },
    "dom-anchor-text-position": {
      "version": "4.0.0",
      "resolved": "https://registry.npmjs.org/dom-anchor-text-position/-/dom-anchor-text-position-4.0.0.tgz",
      "integrity": "sha512-McGwz4XUK2ttClhYTMoeSuu5sCYYKG2UilW9rJg5n39byIpKtFQMviGPmjRuCWE4JWO8IIjCbAXQgGFVMCuUww==",
      "requires": {
        "dom-node-iterator": "^3.5.0",
        "dom-seek": "^4.0.1"
      }
    },
    "dom-anchor-text-quote": {
      "version": "4.0.2",
      "resolved": "https://registry.npmjs.org/dom-anchor-text-quote/-/dom-anchor-text-quote-4.0.2.tgz",
      "integrity": "sha512-yM1Z/PYgh8hEnfijmTA14Z1XWvlN8P9wD6srBvRaTSktmtI+z5f2zr0r9hqr7ZMpmokW71MeDyOHBRqbXu0VXA==",
      "requires": {
        "diff-match-patch": "^1.0.0",
        "dom-anchor-text-position": "^4.0.0"
      }
    },
    "dom-node-iterator": {
      "version": "3.5.3",
      "resolved": "https://registry.npmjs.org/dom-node-iterator/-/dom-node-iterator-3.5.3.tgz",
      "integrity": "sha512-B61Q0KVg/86rIT9C3zwq9ud495TI/4B/V0psFMNcNEn9UFVpG1JjY04jP57MUGUb6FRMozPzSSVXJvFyF0PQ+g=="
    },
    "dom-seek": {
      "version": "4.0.3",
      "resolved": "https://registry.npmjs.org/dom-seek/-/dom-seek-4.0.3.tgz",
      "integrity": "sha512-Tx9l8RmRkbqfIW0EXPPeKS5+2AJ2+9s2Sam+G+xi9JgPoYEwnSRg+6knLswI66QRD7DaVTI/GRS9qDWAMi/SPg==",
      "requires": {
        "ancestors": "0.0.3",
        "index-of": "^0.2.0"
      }
    },
    "dom-walk": {
      "version": "0.1.2",
      "resolved": "https://registry.npmjs.org/dom-walk/-/dom-walk-0.1.2.tgz",
      "integrity": "sha512-6QvTW9mrGeIegrFXdtQi9pk7O/nSK6lSdXW2eqUspN5LWD7UTji2Fqw5V2YLjBpHEoU9Xl/eUWNpDeZvoyOv2w=="
    },
    "dompurify": {
      "version": "2.4.5",
      "resolved": "https://registry.npmjs.org/dompurify/-/dompurify-2.4.5.tgz",
      "integrity": "sha512-jggCCd+8Iqp4Tsz0nIvpcb22InKEBrGz5dw3EQJMs8HPJDsKbFIO3STYtAvCfDx26Muevn1MHVI0XxjgFfmiSA=="
    },
    "global": {
      "version": "4.4.0",
      "resolved": "https://registry.npmjs.org/global/-/global-4.4.0.tgz",
      "integrity": "sha512-wv/LAoHdRE3BeTGz53FAamhGlPLhlssK45usmGFThIi4XqnBmjKQ16u+RNbP7WvigRZDxUsM0J3gcQ5yicaL0w==",
      "requires": {
        "min-document": "^2.19.0",
        "process": "^0.11.10"
      }
    },
    "good-listener": {
      "version": "1.2.2",
      "resolved": "https://registry.npmjs.org/good-listener/-/good-listener-1.2.2.tgz",
      "integrity": "sha512-goW1b+d9q/HIwbVYZzZ6SsTr4IgE+WA44A0GmPIQstuOrgsFcT7VEJ48nmr9GaRtNu0XTKacFLGnBPAM6Afouw==",
      "requires": {
        "delegate": "^3.1.2"
      }
    },
    "gsap": {
      "version": "2.1.3",
      "resolved": "https://registry.npmjs.org/gsap/-/gsap-2.1.3.tgz",
      "integrity": "sha512-8RFASCqi2FOCBuv7X4o7M6bLdy+1hbR0azg+MG7zz+EVsI+OmJblYsTk0GEepQd2Jg/ItMPiVTibF7r3EVxjZQ=="
    },
    "index-of": {
      "version": "0.2.0",
      "resolved": "https://registry.npmjs.org/index-of/-/index-of-0.2.0.tgz",
      "integrity": "sha512-VkoJmFW85R0il3IJJYCD7wdQ8pQgTtVoCSqu/BI/ZMy51qDJ618nQsiWmQ6tnyKZShEG2nLt7i7o3YJmEPJSyg=="
    },
    "is-buffer": {
      "version": "1.1.6",
      "resolved": "https://registry.npmjs.org/is-buffer/-/is-buffer-1.1.6.tgz",
      "integrity": "sha512-NcdALwpXkTm5Zvvbk7owOUSvVvBKDgKP5/ewfXEznmQFfs4ZRmanOeKBTjRVjka3QFoN6XJ+9F3USqfHqTaU5w=="
    },
    "md5": {
      "version": "2.3.0",
      "resolved": "https://registry.npmjs.org/md5/-/md5-2.3.0.tgz",
      "integrity": "sha512-T1GITYmFaKuO91vxyoQMFETst+O71VUPEU3ze5GNzDm0OWdP8v1ziTaAEPUr/3kLsY3Sftgz242A1SetQiDL7g==",
      "requires": {
        "charenc": "0.0.2",
        "crypt": "0.0.2",
        "is-buffer": "~1.1.6"
      }
    },
    "mediaelement": {
      "version": "6.0.3",
      "resolved": "https://registry.npmjs.org/mediaelement/-/mediaelement-6.0.3.tgz",
      "integrity": "sha512-i75756PyXG7n2SMm8JvGShNp54abphE5JRU4a7ZFzD4pmc30UqqGiOaTyn4H0WNB164PEeb4bodpJrbb3tonHQ==",
      "requires": {
        "global": "^4.3.1",
        "svg4everybody": "^2.1.9"
      }
    },
    "min-document": {
      "version": "2.19.0",
      "resolved": "https://registry.npmjs.org/min-document/-/min-document-2.19.0.tgz",
      "integrity": "sha512-9Wy1B3m3f66bPPmU5hdA4DR4PB2OfDU/+GS3yAB7IQozE3tqXaVv2zOjgla7MEGSRv95+ILmOuvhLkOK6wJtCQ==",
      "requires": {
        "dom-walk": "^0.1.0"
      }
    },
    "netlify-identity-widget": {
      "version": "1.9.2",
      "resolved": "https://registry.npmjs.org/netlify-identity-widget/-/netlify-identity-widget-1.9.2.tgz",
      "integrity": "sha512-IbS1JHhs7BflCCvp3C9f6tmNSZqbyBhZ4Gs5+Qxt4IlPybTOVv0PqJ4TAsA7uxh1R+oXOAmk0OOMAkEaPYeCtA=="
    },
    "process": {
      "version": "0.11.10",
      "resolved": "https://registry.npmjs.org/process/-/process-0.11.10.tgz",
      "integrity": "sha512-cdGef/drWFoydD1JsMzuFf8100nZl+GT+yacc2bEced5f9Rjk4z+WtFUTBu9PhOi9j/jfmBPu0mMEY4wIdAF8A=="
    },
    "select": {
      "version": "1.1.2",
      "resolved": "https://registry.npmjs.org/select/-/select-1.1.2.tgz",
      "integrity": "sha512-OwpTSOfy6xSs1+pwcNrv0RBMOzI39Lp3qQKUTPVVPRjCdNa5JH/oPRiqsesIskK8TVgmRiHwO4KXlV2Li9dANA=="
    },
    "svg4everybody": {
      "version": "2.1.9",
      "resolved": "https://registry.npmjs.org/svg4everybody/-/svg4everybody-2.1.9.tgz",
      "integrity": "sha512-AS9WORVV/vk520ZHxGTlQzyDBizp/h6WyAYUbKhze/kwvQr43DwJpkIIPBomsUyKqN7N+h1deF92N9PmW+o+9A=="
    },
    "tiny-emitter": {
      "version": "2.1.0",
      "resolved": "https://registry.npmjs.org/tiny-emitter/-/tiny-emitter-2.1.0.tgz",
      "integrity": "sha512-NB6Dk1A9xgQPMoGqC5CVXn123gWyte215ONT5Pp5a0yt4nlEoO1ZWeCwpncaekPHXO60i47ihFnZPiRPjRMq4Q=="
    },
    "uuid": {
      "version": "7.0.3",
      "resolved": "https://registry.npmjs.org/uuid/-/uuid-7.0.3.tgz",
      "integrity": "sha512-DPSke0pXhTZgoF/d+WSt2QaKMCFSfx7QegxEWT+JOuHF5aWrKEn0G+ztjuJg/gG8/ItK+rbPCD/yNv8yyih6Cg=="
    },
    "wrap-range-text": {
      "version": "1.0.1",
      "resolved": "https://registry.npmjs.org/wrap-range-text/-/wrap-range-text-1.0.1.tgz",
      "integrity": "sha512-ZJE1k4cjTMZ8bDfcruPlOa7gRguz4tdI7+ylMibktRXJkDRfLzgsjN1Nn3ohOEUEZoDlX4LqsbH3dRwp2TRh1Q=="
    }
  }
}
